<?xml version="1.0" encoding="utf-8"?>
<Project ToolsVersion="4.0" xmlns="http://schemas.microsoft.com/developer/msbuild/2003">
  <ItemGroup>
    <None Include="packages.config" />
  </ItemGroup>
  <ItemGroup>
    <ClCompile Include="util_test.cpp" />
    <ClCompile Include="buffer\appendable_buffer_tests.cpp" />
    <ClCompile Include="buffer\buffer_queue_tests.cpp" />
    <ClCompile Include="endian\byteswap_tests.cpp" />
    <ClCompile Include="iostream\imemstream_tests.cpp" />
    <ClCompile Include="memory\memstream_tests.cpp" />
    <ClCompile Include="memory\read_tests.cpp" />
    <ClCompile Include="stl\list_tests.cpp" />
    <ClCompile Include="stl\vector_tests.cpp" />
    <ClCompile Include="string\expand_tests.cpp" />
    <ClCompile Include="string\zero_terminated_tests.cpp" />
  </ItemGroup>
</Project>