<?xml version="1.0" encoding="utf-8"?>
<Project ToolsVersion="4.0" xmlns="http://schemas.microsoft.com/developer/msbuild/2003">
  <ItemGroup>
    <Filter Include="Source Files">
      <UniqueIdentifier>{4FC737F1-C7A5-4376-A066-2A32D752A2FF}</UniqueIdentifier>
      <Extensions>cpp;c;cc;cxx;def;odl;idl;hpj;bat;asm;asmx</Extensions>
    </Filter>
    <Filter Include="Header Files">
      <UniqueIdentifier>{93995380-89BD-4b04-88EB-625FBE52EBFB}</UniqueIdentifier>
      <Extensions>h;hh;hpp;hxx;hm;inl;inc;xsd</Extensions>
    </Filter>
    <Filter Include="Resource Files">
      <UniqueIdentifier>{67DA6AB6-F800-4c08-8B7A-83BB121AAD01}</UniqueIdentifier>
      <Extensions>rc;ico;cur;bmp;dlg;rc2;rct;bin;rgs;gif;jpg;jpeg;jpe;resx;tiff;tif;png;wav</Extensions>
    </Filter>
  </ItemGroup>
  <ItemGroup>
    <ClCompile Include="util_test.cpp">
      <Filter>Source Files</Filter>
    </ClCompile>
    <ClCompile Include="buffer\appendable_buffer.cpp">
      <Filter>Source Files</Filter>
    </ClCompile>
    <ClCompile Include="buffer\appendable_buffer_tests.cpp">
      <Filter>Source Files</Filter>
    </ClCompile>
    <ClCompile Include="buffer\buffer_queue.cpp">
      <Filter>Source Files</Filter>
    </ClCompile>
    <ClCompile Include="buffer\buffer_queue_tests.cpp">
      <Filter>Source Files</Filter>
    </ClCompile>
    <ClCompile Include="console\console.cpp">
      <Filter>Source Files</Filter>
    </ClCompile>
    <ClCompile Include="console\mode.cpp">
      <Filter>Source Files</Filter>
    </ClCompile>
    <ClCompile Include="crypto\sha1.cpp">
      <Filter>Source Files</Filter>
    </ClCompile>
    <ClCompile Include="crypto\shannon.cpp">
      <Filter>Source Files</Filter>
    </ClCompile>
    <ClCompile Include="crypto\_detail\shannon_impl.cpp">
      <Filter>Source Files</Filter>
    </ClCompile>
    <ClCompile Include="endian\byteswap_tests.cpp">
      <Filter>Source Files</Filter>
    </ClCompile>
    <ClCompile Include="iostream\imemstream.cpp">
      <Filter>Source Files</Filter>
    </ClCompile>
    <ClCompile Include="iostream\imemstream_tests.cpp">
      <Filter>Source Files</Filter>
    </ClCompile>
    <ClCompile Include="iostream\readfile.cpp">
      <Filter>Source Files</Filter>
    </ClCompile>
    <ClCompile Include="iostream\writefile.cpp">
      <Filter>Source Files</Filter>
    </ClCompile>
    <ClCompile Include="memory\memstream.cpp">
      <Filter>Source Files</Filter>
    </ClCompile>
    <ClCompile Include="memory\memstream_tests.cpp">
      <Filter>Source Files</Filter>
    </ClCompile>
    <ClCompile Include="memory\read_tests.cpp">
      <Filter>Source Files</Filter>
    </ClCompile>
    <ClCompile Include="stl\list_tests.cpp">
      <Filter>Source Files</Filter>
    </ClCompile>
    <ClCompile Include="stl\vector_tests.cpp">
      <Filter>Source Files</Filter>
    </ClCompile>
    <ClCompile Include="string\expand.cpp">
      <Filter>Source Files</Filter>
    </ClCompile>
    <ClCompile Include="string\expand_tests.cpp">
      <Filter>Source Files</Filter>
    </ClCompile>
    <ClCompile Include="stupidtest\stupidtest_tests.cpp">
      <Filter>Source Files</Filter>
    </ClCompile>
    <ClCompile Include="string\zero_terminated.cpp">
      <Filter>Source Files</Filter>
    </ClCompile>
    <ClCompile Include="string\zero_terminated_tests.cpp">
      <Filter>Source Files</Filter>
    </ClCompile>
    <ClCompile Include="stupidtest\stupidtest.cpp">
      <Filter>Source Files</Filter>
    </ClCompile>
    <ClCompile Include="platform\environment.cpp">
      <Filter>Source Files</Filter>
    </ClCompile>
    <ClCompile Include="crypto\_detail\sha1_impl.c">
      <Filter>Source Files</Filter>
    </ClCompile>
  </ItemGroup>
  <ItemGroup>
    <ClInclude Include="ansi\colors.hpp">
      <Filter>Header Files</Filter>
    </ClInclude>
    <ClInclude Include="buffer\appendable_buffer.hpp">
      <Filter>Header Files</Filter>
    </ClInclude>
    <ClInclude Include="buffer\buffer_queue.hpp">
      <Filter>Header Files</Filter>
    </ClInclude>
    <ClInclude Include="buffer\shared_buffer.hpp">
      <Filter>Header Files</Filter>
    </ClInclude>
    <ClInclude Include="console\auto_mode.hpp">
      <Filter>Header Files</Filter>
    </ClInclude>
    <ClInclude Include="console\console.hpp">
      <Filter>Header Files</Filter>
    </ClInclude>
    <ClInclude Include="console\mode.hpp">
      <Filter>Header Files</Filter>
    </ClInclude>
    <ClInclude Include="crypto\sha1.hpp">
      <Filter>Header Files</Filter>
    </ClInclude>
    <ClInclude Include="crypto\shannon.hpp">
      <Filter>Header Files</Filter>
    </ClInclude>
    <ClInclude Include="crypto\_detail\sha1.h">
      <Filter>Header Files</Filter>
    </ClInclude>
    <ClInclude Include="crypto\_detail\shannon_impl.h">
      <Filter>Header Files</Filter>
    </ClInclude>
    <ClInclude Include="endian\byteswap.hpp">
      <Filter>Header Files</Filter>
    </ClInclude>
    <ClInclude Include="endian\endian.hpp">
      <Filter>Header Files</Filter>
    </ClInclude>
    <ClInclude Include="functional\member-function-registry.hpp">
      <Filter>Header Files</Filter>
    </ClInclude>
    <ClInclude Include="iostream\imemstream.hpp">
      <Filter>Header Files</Filter>
    </ClInclude>
    <ClInclude Include="iostream\readfile.hpp">
      <Filter>Header Files</Filter>
    </ClInclude>
    <ClInclude Include="iostream\writefile.hpp">
      <Filter>Header Files</Filter>
    </ClInclude>
    <ClInclude Include="memory\memstream.hpp">
      <Filter>Header Files</Filter>
    </ClInclude>
    <ClInclude Include="memory\read.hpp">
      <Filter>Header Files</Filter>
    </ClInclude>
    <ClInclude Include="posix\fd.hpp">
      <Filter>Header Files</Filter>
    </ClInclude>
    <ClInclude Include="posix\pipe.hpp">
      <Filter>Header Files</Filter>
    </ClInclude>
    <ClInclude Include="process\child.hpp">
      <Filter>Header Files</Filter>
    </ClInclude>
    <ClInclude Include="process\child_options.hpp">
      <Filter>Header Files</Filter>
    </ClInclude>
    <ClInclude Include="process\native_process_id.hpp">
      <Filter>Header Files</Filter>
    </ClInclude>
    <ClInclude Include="process\parent.hpp">
      <Filter>Header Files</Filter>
    </ClInclude>
    <ClInclude Include="process\stream_descriptor.hpp">
      <Filter>Header Files</Filter>
    </ClInclude>
    <ClInclude Include="process\stream_id.hpp">
      <Filter>Header Files</Filter>
    </ClInclude>
    <ClInclude Include="process\_detail\spawner.hpp">
      <Filter>Header Files</Filter>
    </ClInclude>
    <ClInclude Include="process\_detail\spawner_posix_spawn.hpp">
      <Filter>Header Files</Filter>
    </ClInclude>
    <ClInclude Include="stl\list.hpp">
      <Filter>Header Files</Filter>
    </ClInclude>
    <ClInclude Include="stl\vector.hpp">
      <Filter>Header Files</Filter>
    </ClInclude>
    <ClInclude Include="string\expand.hpp">
      <Filter>Header Files</Filter>
    </ClInclude>
    <ClInclude Include="stupidtest\stupidtest.hpp">
      <Filter>Header Files</Filter>
    </ClInclude>
    <ClInclude Include="thread\async_result.hpp">
      <Filter>Header Files</Filter>
    </ClInclude>
    <ClInclude Include="thread\unlock_guard.hpp">
      <Filter>Header Files</Filter>
    </ClInclude>
    <ClInclude Include="type_traits\remove_cv_ref.hpp">
      <Filter>Header Files</Filter>
    </ClInclude>
    <ClInclude Include="string\zero_teminated.hpp">
      <Filter>Header Files</Filter>
    </ClInclude>
    <ClInclude Include="platform\environment.hpp">
      <Filter>Header Files</Filter>
    </ClInclude>
  </ItemGroup>
  <ItemGroup>
    <None Include="packages.config" />
  </ItemGroup>
</Project>