<?xml version="1.0" encoding="utf-8"?>
<Project ToolsVersion="4.0" xmlns="http://schemas.microsoft.com/developer/msbuild/2003">
  <ItemGroup>
    <ClInclude Include="..\console\auto_mode.hpp" />
    <ClInclude Include="..\console\console.hpp" />
    <ClInclude Include="..\console\mode.hpp" />
  </ItemGroup>
  <ItemGroup>
    <ClCompile Include="..\console\console.cpp" />
    <ClCompile Include="..\console\mode.cpp" />
  </ItemGroup>
  <ItemGroup>
    <None Include="packages.config" />
  </ItemGroup>
</Project>